
Microsoft Visual Studio Solution File, Format Version 12.00
# Visual Studio Version 17
VisualStudioVersion = 17.4.33213.308
MinimumVisualStudioVersion = 10.0.40219.1
Project("{9A19103F-16F7-4668-BE54-9A1E7A4F7556}") = "ProTraxxWASM.Server", "Server\ProTraxxWASM.Server.csproj", "{720CE7BC-A9C7-4CDD-9E03-779898E89483}"
EndProject
Project("{9A19103F-16F7-4668-BE54-9A1E7A4F7556}") = "ProTraxxWASM.Client", "Client\ProTraxxWASM.Client.csproj", "{737DC27E-956B-4CEA-88EB-7899D65241E9}"
EndProject
Project("{9A19103F-16F7-4668-BE54-9A1E7A4F7556}") = "ProTraxx.Shared", "..\ProTraxx.Shared\ProTraxx.Shared.csproj", "{C39670AD-4D16-4DBF-9044-05F23DBBAD26}"
EndProject
Global
	GlobalSection(SolutionConfigurationPlatforms) = preSolution
		Debug|Any CPU = Debug|Any CPU
		Release|Any CPU = Release|Any CPU
	EndGlobalSection
	GlobalSection(ProjectConfigurationPlatforms) = postSolution
		{720CE7BC-A9C7-4CDD-9E03-779898E89483}.Debug|Any CPU.ActiveCfg = Debug|Any CPU
		{720CE7BC-A9C7-4CDD-9E03-779898E89483}.Debug|Any CPU.Build.0 = Debug|Any CPU
		{720CE7BC-A9C7-4CDD-9E03-779898E89483}.Release|Any CPU.ActiveCfg = Release|Any CPU
		{720CE7BC-A9C7-4CDD-9E03-779898E89483}.Release|Any CPU.Build.0 = Release|Any CPU
		{737DC27E-956B-4CEA-88EB-7899D65241E9}.Debug|Any CPU.ActiveCfg = Debug|Any CPU
		{737DC27E-956B-4CEA-88EB-7899D65241E9}.Debug|Any CPU.Build.0 = Debug|Any CPU
		{737DC27E-956B-4CEA-88EB-7899D65241E9}.Release|Any CPU.ActiveCfg = Release|Any CPU
		{737DC27E-956B-4CEA-88EB-7899D65241E9}.Release|Any CPU.Build.0 = Release|Any CPU
		{C39670AD-4D16-4DBF-9044-05F23DBBAD26}.Debug|Any CPU.ActiveCfg = Debug|Any CPU
		{C39670AD-4D16-4DBF-9044-05F23DBBAD26}.Debug|Any CPU.Build.0 = Debug|Any CPU
		{C39670AD-4D16-4DBF-9044-05F23DBBAD26}.Release|Any CPU.ActiveCfg = Release|Any CPU
		{C39670AD-4D16-4DBF-9044-05F23DBBAD26}.Release|Any CPU.Build.0 = Release|Any CPU
	EndGlobalSection
	GlobalSection(SolutionProperties) = preSolution
		HideSolutionNode = FALSE
	EndGlobalSection
	GlobalSection(ExtensibilityGlobals) = postSolution
		SolutionGuid = {4C3AD327-36BC-4182-AB49-CE1D293D2623}
	EndGlobalSection
EndGlobal
